
Microsoft Visual Studio Solution File, Format Version 12.00
# Visual Studio Version 16
VisualStudioVersion = 16.0.30523.141
MinimumVisualStudioVersion = 10.0.40219.1
Project("{FAE04EC0-301F-11D3-BF4B-00C04F79EFBC}") = "BlacksmithTools", "BlacksmithTools.csproj", "{CD140567-8889-4CB2-8A97-BB5346A473BA}"
EndProject
Global
	GlobalSection(SolutionConfigurationPlatforms) = preSolution
		Debug|Any CPU = Debug|Any CPU
		Release|Any CPU = Release|Any CPU
	EndGlobalSection
	GlobalSection(ProjectConfigurationPlatforms) = postSolution
		{CD140567-8889-4CB2-8A97-BB5346A473BA}.Debug|Any CPU.ActiveCfg = Debug|Any CPU
		{CD140567-8889-4CB2-8A97-BB5346A473BA}.Debug|Any CPU.Build.0 = Debug|Any CPU
		{CD140567-8889-4CB2-8A97-BB5346A473BA}.Release|Any CPU.ActiveCfg = Release|Any CPU
		{CD140567-8889-4CB2-8A97-BB5346A473BA}.Release|Any CPU.Build.0 = Release|Any CPU
	EndGlobalSection
	GlobalSection(SolutionProperties) = preSolution
		HideSolutionNode = FALSE
	EndGlobalSection
	GlobalSection(ExtensibilityGlobals) = postSolution
		SolutionGuid = {4DC92AD6-CAF7-4496-930C-CBA216BB8DB1}
	EndGlobalSection
EndGlobal
